
Microsoft Visual Studio Solution File, Format Version 12.00
# Visual Studio Version 17
VisualStudioVersion = 17.0.31903.59
MinimumVisualStudioVersion = 10.0.40219.1
Project("{FAE04EC0-301F-11D3-BF4B-00C04F79EFBC}") = "API", "API\API.csproj", "{A84FF6DC-4062-4270-B7CA-6341412528BB}"
EndProject
Global
	GlobalSection(SolutionConfigurationPlatforms) = preSolution
		Debug|Any CPU = Debug|Any CPU
		Release|Any CPU = Release|Any CPU
	EndGlobalSection
	GlobalSection(SolutionProperties) = preSolution
		HideSolutionNode = FALSE
	EndGlobalSection
	GlobalSection(ProjectConfigurationPlatforms) = postSolution
		{A84FF6DC-4062-4270-B7CA-6341412528BB}.Debug|Any CPU.ActiveCfg = Debug|Any CPU
		{A84FF6DC-4062-4270-B7CA-6341412528BB}.Debug|Any CPU.Build.0 = Debug|Any CPU
		{A84FF6DC-4062-4270-B7CA-6341412528BB}.Release|Any CPU.ActiveCfg = Release|Any CPU
		{A84FF6DC-4062-4270-B7CA-6341412528BB}.Release|Any CPU.Build.0 = Release|Any CPU
	EndGlobalSection
EndGlobal
